// !$*UTF8*$!
{
	archiveVersion = 1;
	classes = {
	};
	objectVersion = 55;
	objects = {

/* Begin PBXBuildFile section */
		98A93F741076710C62B8FCBA /* Pods_LoginViewCode_Curso.framework in Frameworks */ = {isa = PBXBuildFile; fileRef = 5DAE1DEA03A0A7FC6F68CDA8 /* Pods_LoginViewCode_Curso.framework */; };
		EF5D936E29D09918002D89D6 /* AppDelegate.swift in Sources */ = {isa = PBXBuildFile; fileRef = EF5D936D29D09918002D89D6 /* AppDelegate.swift */; };
		EF5D937029D09918002D89D6 /* SceneDelegate.swift in Sources */ = {isa = PBXBuildFile; fileRef = EF5D936F29D09918002D89D6 /* SceneDelegate.swift */; };
		EF5D937229D09918002D89D6 /* LoginViewController.swift in Sources */ = {isa = PBXBuildFile; fileRef = EF5D937129D09918002D89D6 /* LoginViewController.swift */; };
		EF5D937729D09919002D89D6 /* Assets.xcassets in Resources */ = {isa = PBXBuildFile; fileRef = EF5D937629D09919002D89D6 /* Assets.xcassets */; };
		EF5D937A29D09919002D89D6 /* LaunchScreen.storyboard in Resources */ = {isa = PBXBuildFile; fileRef = EF5D937829D09919002D89D6 /* LaunchScreen.storyboard */; };
		EF5D938529D0D370002D89D6 /* LoginScreen.swift in Sources */ = {isa = PBXBuildFile; fileRef = EF5D938429D0D370002D89D6 /* LoginScreen.swift */; };
		EF87AE032B0A9B37007492BC /* GoogleService-Info.plist in Resources */ = {isa = PBXBuildFile; fileRef = EF87AE022B0A9B37007492BC /* GoogleService-Info.plist */; };
		EFBA106929E4F8E8000AD9DB /* RegisterViewController.swift in Sources */ = {isa = PBXBuildFile; fileRef = EFBA106829E4F8E8000AD9DB /* RegisterViewController.swift */; };
		EFBA106B29E4FD96000AD9DB /* RegisterScreen.swift in Sources */ = {isa = PBXBuildFile; fileRef = EFBA106A29E4FD96000AD9DB /* RegisterScreen.swift */; };
/* End PBXBuildFile section */

/* Begin PBXFileReference section */
		188C775C3972C342F97A3611 /* Pods-LoginViewCode-Curso.release.xcconfig */ = {isa = PBXFileReference; includeInIndex = 1; lastKnownFileType = text.xcconfig; name = "Pods-LoginViewCode-Curso.release.xcconfig"; path = "Target Support Files/Pods-LoginViewCode-Curso/Pods-LoginViewCode-Curso.release.xcconfig"; sourceTree = "<group>"; };
		5DAE1DEA03A0A7FC6F68CDA8 /* Pods_LoginViewCode_Curso.framework */ = {isa = PBXFileReference; explicitFileType = wrapper.framework; includeInIndex = 0; path = Pods_LoginViewCode_Curso.framework; sourceTree = BUILT_PRODUCTS_DIR; };
		EF5D936A29D09918002D89D6 /* LoginViewCode-Curso.app */ = {isa = PBXFileReference; explicitFileType = wrapper.application; includeInIndex = 0; path = "LoginViewCode-Curso.app"; sourceTree = BUILT_PRODUCTS_DIR; };
		EF5D936D29D09918002D89D6 /* AppDelegate.swift */ = {isa = PBXFileReference; lastKnownFileType = sourcecode.swift; path = AppDelegate.swift; sourceTree = "<group>"; };
		EF5D936F29D09918002D89D6 /* SceneDelegate.swift */ = {isa = PBXFileReference; lastKnownFileType = sourcecode.swift; path = SceneDelegate.swift; sourceTree = "<group>"; };
		EF5D937129D09918002D89D6 /* LoginViewController.swift */ = {isa = PBXFileReference; lastKnownFileType = sourcecode.swift; path = LoginViewController.swift; sourceTree = "<group>"; };
		EF5D937629D09919002D89D6 /* Assets.xcassets */ = {isa = PBXFileReference; lastKnownFileType = folder.assetcatalog; path = Assets.xcassets; sourceTree = "<group>"; };
		EF5D937929D09919002D89D6 /* Base */ = {isa = PBXFileReference; lastKnownFileType = file.storyboard; name = Base; path = Base.lproj/LaunchScreen.storyboard; sourceTree = "<group>"; };
		EF5D937B29D09919002D89D6 /* Info.plist */ = {isa = PBXFileReference; lastKnownFileType = text.plist.xml; path = Info.plist; sourceTree = "<group>"; };
		EF5D938429D0D370002D89D6 /* LoginScreen.swift */ = {isa = PBXFileReference; lastKnownFileType = sourcecode.swift; path = LoginScreen.swift; sourceTree = "<group>"; };
		EF87AE022B0A9B37007492BC /* GoogleService-Info.plist */ = {isa = PBXFileReference; fileEncoding = 4; lastKnownFileType = text.plist.xml; path = "GoogleService-Info.plist"; sourceTree = "<group>"; };
		EFBA106829E4F8E8000AD9DB /* RegisterViewController.swift */ = {isa = PBXFileReference; lastKnownFileType = sourcecode.swift; path = RegisterViewController.swift; sourceTree = "<group>"; };
		EFBA106A29E4FD96000AD9DB /* RegisterScreen.swift */ = {isa = PBXFileReference; lastKnownFileType = sourcecode.swift; path = RegisterScreen.swift; sourceTree = "<group>"; };
		F6A0B417452C2C42D2BF2D25 /* Pods-LoginViewCode-Curso.debug.xcconfig */ = {isa = PBXFileReference; includeInIndex = 1; lastKnownFileType = text.xcconfig; name = "Pods-LoginViewCode-Curso.debug.xcconfig"; path = "Target Support Files/Pods-LoginViewCode-Curso/Pods-LoginViewCode-Curso.debug.xcconfig"; sourceTree = "<group>"; };
/* End PBXFileReference section */

/* Begin PBXFrameworksBuildPhase section */
		EF5D936729D09918002D89D6 /* Frameworks */ = {
			isa = PBXFrameworksBuildPhase;
			buildActionMask = 2147483647;
			files = (
				98A93F741076710C62B8FCBA /* Pods_LoginViewCode_Curso.framework in Frameworks */,
			);
			runOnlyForDeploymentPostprocessing = 0;
		};
/* End PBXFrameworksBuildPhase section */

/* Begin PBXGroup section */
		012905C6F404E75C65E80287 /* Pods */ = {
			isa = PBXGroup;
			children = (
				F6A0B417452C2C42D2BF2D25 /* Pods-LoginViewCode-Curso.debug.xcconfig */,
				188C775C3972C342F97A3611 /* Pods-LoginViewCode-Curso.release.xcconfig */,
			);
			path = Pods;
			sourceTree = "<group>";
		};
		363DE9460EDF89D814FEA384 /* Frameworks */ = {
			isa = PBXGroup;
			children = (
				5DAE1DEA03A0A7FC6F68CDA8 /* Pods_LoginViewCode_Curso.framework */,
			);
			name = Frameworks;
			sourceTree = "<group>";
		};
		EF5D936129D09918002D89D6 = {
			isa = PBXGroup;
			children = (
				EF5D936C29D09918002D89D6 /* LoginViewCode-Curso */,
				EF5D936B29D09918002D89D6 /* Products */,
				012905C6F404E75C65E80287 /* Pods */,
				363DE9460EDF89D814FEA384 /* Frameworks */,
			);
			sourceTree = "<group>";
		};
		EF5D936B29D09918002D89D6 /* Products */ = {
			isa = PBXGroup;
			children = (
				EF5D936A29D09918002D89D6 /* LoginViewCode-Curso.app */,
			);
			name = Products;
			sourceTree = "<group>";
		};
		EF5D936C29D09918002D89D6 /* LoginViewCode-Curso */ = {
			isa = PBXGroup;
			children = (
				EFBA106329E4F868000AD9DB /* Register */,
				EF5D938129D0D317002D89D6 /* Login */,
				EF5D936D29D09918002D89D6 /* AppDelegate.swift */,
				EF5D936F29D09918002D89D6 /* SceneDelegate.swift */,
				EF5D937629D09919002D89D6 /* Assets.xcassets */,
				EF5D937829D09919002D89D6 /* LaunchScreen.storyboard */,
				EF5D937B29D09919002D89D6 /* Info.plist */,
				EF87AE022B0A9B37007492BC /* GoogleService-Info.plist */,
			);
			path = "LoginViewCode-Curso";
			sourceTree = "<group>";
		};
		EF5D938129D0D317002D89D6 /* Login */ = {
			isa = PBXGroup;
			children = (
				EF5D938329D0D345002D89D6 /* Screen */,
				EF5D938229D0D327002D89D6 /* ViewController */,
			);
			path = Login;
			sourceTree = "<group>";
		};
		EF5D938229D0D327002D89D6 /* ViewController */ = {
			isa = PBXGroup;
			children = (
				EF5D937129D09918002D89D6 /* LoginViewController.swift */,
			);
			path = ViewController;
			sourceTree = "<group>";
		};
		EF5D938329D0D345002D89D6 /* Screen */ = {
			isa = PBXGroup;
			children = (
				EF5D938429D0D370002D89D6 /* LoginScreen.swift */,
			);
			path = Screen;
			sourceTree = "<group>";
		};
		EFBA106329E4F868000AD9DB /* Register */ = {
			isa = PBXGroup;
			children = (
				EFBA106429E4F875000AD9DB /* Screen */,
				EFBA106529E4F884000AD9DB /* ViewController */,
			);
			path = Register;
			sourceTree = "<group>";
		};
		EFBA106429E4F875000AD9DB /* Screen */ = {
			isa = PBXGroup;
			children = (
				EFBA106A29E4FD96000AD9DB /* RegisterScreen.swift */,
			);
			path = Screen;
			sourceTree = "<group>";
		};
		EFBA106529E4F884000AD9DB /* ViewController */ = {
			isa = PBXGroup;
			children = (
				EFBA106829E4F8E8000AD9DB /* RegisterViewController.swift */,
			);
			path = ViewController;
			sourceTree = "<group>";
		};
/* End PBXGroup section */

/* Begin PBXNativeTarget section */
		EF5D936929D09918002D89D6 /* LoginViewCode-Curso */ = {
			isa = PBXNativeTarget;
			buildConfigurationList = EF5D937E29D09919002D89D6 /* Build configuration list for PBXNativeTarget "LoginViewCode-Curso" */;
			buildPhases = (
				519D74866450E21731CAA7F7 /* [CP] Check Pods Manifest.lock */,
				EF5D936629D09918002D89D6 /* Sources */,
				EF5D936729D09918002D89D6 /* Frameworks */,
				EF5D936829D09918002D89D6 /* Resources */,
				B66347C64F2D4573A625DFF2 /* [CP] Embed Pods Frameworks */,
			);
			buildRules = (
			);
			dependencies = (
			);
			name = "LoginViewCode-Curso";
			productName = "LoginViewCode-Curso";
			productReference = EF5D936A29D09918002D89D6 /* LoginViewCode-Curso.app */;
			productType = "com.apple.product-type.application";
		};
/* End PBXNativeTarget section */

/* Begin PBXProject section */
		EF5D936229D09918002D89D6 /* Project object */ = {
			isa = PBXProject;
			attributes = {
				BuildIndependentTargetsInParallel = 1;
				LastSwiftUpdateCheck = 1310;
				LastUpgradeCheck = 1310;
				TargetAttributes = {
					EF5D936929D09918002D89D6 = {
						CreatedOnToolsVersion = 13.1;
					};
				};
			};
			buildConfigurationList = EF5D936529D09918002D89D6 /* Build configuration list for PBXProject "LoginViewCode-Curso" */;
			compatibilityVersion = "Xcode 13.0";
			developmentRegion = en;
			hasScannedForEncodings = 0;
			knownRegions = (
				en,
				Base,
			);
			mainGroup = EF5D936129D09918002D89D6;
			productRefGroup = EF5D936B29D09918002D89D6 /* Products */;
			projectDirPath = "";
			projectRoot = "";
			targets = (
				EF5D936929D09918002D89D6 /* LoginViewCode-Curso */,
			);
		};
/* End PBXProject section */

/* Begin PBXResourcesBuildPhase section */
		EF5D936829D09918002D89D6 /* Resources */ = {
			isa = PBXResourcesBuildPhase;
			buildActionMask = 2147483647;
			files = (
				EF5D937A29D09919002D89D6 /* LaunchScreen.storyboard in Resources */,
				EF5D937729D09919002D89D6 /* Assets.xcassets in Resources */,
				EF87AE032B0A9B37007492BC /* GoogleService-Info.plist in Resources */,
			);
			runOnlyForDeploymentPostprocessing = 0;
		};
/* End PBXResourcesBuildPhase section */

/* Begin PBXShellScriptBuildPhase section */
		519D74866450E21731CAA7F7 /* [CP] Check Pods Manifest.lock */ = {
			isa = PBXShellScriptBuildPhase;
			buildActionMask = 2147483647;
			files = (
			);
			inputFileListPaths = (
			);
			inputPaths = (
				"${PODS_PODFILE_DIR_PATH}/Podfile.lock",
				"${PODS_ROOT}/Manifest.lock",
			);
			name = "[CP] Check Pods Manifest.lock";
			outputFileListPaths = (
			);
			outputPaths = (
				"$(DERIVED_FILE_DIR)/Pods-LoginViewCode-Curso-checkManifestLockResult.txt",
			);
			runOnlyForDeploymentPostprocessing = 0;
			shellPath = /bin/sh;
			shellScript = "diff \"${PODS_PODFILE_DIR_PATH}/Podfile.lock\" \"${PODS_ROOT}/Manifest.lock\" > /dev/null\nif [ $? != 0 ] ; then\n    # print error to STDERR\n    echo \"error: The sandbox is not in sync with the Podfile.lock. Run 'pod install' or update your CocoaPods installation.\" >&2\n    exit 1\nfi\n# This output is used by Xcode 'outputs' to avoid re-running this script phase.\necho \"SUCCESS\" > \"${SCRIPT_OUTPUT_FILE_0}\"\n";
			showEnvVarsInLog = 0;
		};
		B66347C64F2D4573A625DFF2 /* [CP] Embed Pods Frameworks */ = {
			isa = PBXShellScriptBuildPhase;
			buildActionMask = 2147483647;
			files = (
			);
			inputFileListPaths = (
				"${PODS_ROOT}/Target Support Files/Pods-LoginViewCode-Curso/Pods-LoginViewCode-Curso-frameworks-${CONFIGURATION}-input-files.xcfilelist",
			);
			name = "[CP] Embed Pods Frameworks";
			outputFileListPaths = (
				"${PODS_ROOT}/Target Support Files/Pods-LoginViewCode-Curso/Pods-LoginViewCode-Curso-frameworks-${CONFIGURATION}-output-files.xcfilelist",
			);
			runOnlyForDeploymentPostprocessing = 0;
			shellPath = /bin/sh;
			shellScript = "\"${PODS_ROOT}/Target Support Files/Pods-LoginViewCode-Curso/Pods-LoginViewCode-Curso-frameworks.sh\"\n";
			showEnvVarsInLog = 0;
		};
/* End PBXShellScriptBuildPhase section */

/* Begin PBXSourcesBuildPhase section */
		EF5D936629D09918002D89D6 /* Sources */ = {
			isa = PBXSourcesBuildPhase;
			buildActionMask = 2147483647;
			files = (
				EFBA106B29E4FD96000AD9DB /* RegisterScreen.swift in Sources */,
				EF5D937229D09918002D89D6 /* LoginViewController.swift in Sources */,
				EFBA106929E4F8E8000AD9DB /* RegisterViewController.swift in Sources */,
				EF5D938529D0D370002D89D6 /* LoginScreen.swift in Sources */,
				EF5D936E29D09918002D89D6 /* AppDelegate.swift in Sources */,
				EF5D937029D09918002D89D6 /* SceneDelegate.swift in Sources */,
			);
			runOnlyForDeploymentPostprocessing = 0;
		};
/* End PBXSourcesBuildPhase section */

/* Begin PBXVariantGroup section */
		EF5D937829D09919002D89D6 /* LaunchScreen.storyboard */ = {
			isa = PBXVariantGroup;
			children = (
				EF5D937929D09919002D89D6 /* Base */,
			);
			name = LaunchScreen.storyboard;
			sourceTree = "<group>";
		};
/* End PBXVariantGroup section */

/* Begin XCBuildConfiguration section */
		EF5D937C29D09919002D89D6 /* Debug */ = {
			isa = XCBuildConfiguration;
			buildSettings = {
				ALWAYS_SEARCH_USER_PATHS = NO;
				CLANG_ANALYZER_NONNULL = YES;
				CLANG_ANALYZER_NUMBER_OBJECT_CONVERSION = YES_AGGRESSIVE;
				CLANG_CXX_LANGUAGE_STANDARD = "gnu++17";
				CLANG_CXX_LIBRARY = "libc++";
				CLANG_ENABLE_MODULES = YES;
				CLANG_ENABLE_OBJC_ARC = YES;
				CLANG_ENABLE_OBJC_WEAK = YES;
				CLANG_WARN_BLOCK_CAPTURE_AUTORELEASING = YES;
				CLANG_WARN_BOOL_CONVERSION = YES;
				CLANG_WARN_COMMA = YES;
				CLANG_WARN_CONSTANT_CONVERSION = YES;
				CLANG_WARN_DEPRECATED_OBJC_IMPLEMENTATIONS = YES;
				CLANG_WARN_DIRECT_OBJC_ISA_USAGE = YES_ERROR;
				CLANG_WARN_DOCUMENTATION_COMMENTS = YES;
				CLANG_WARN_EMPTY_BODY = YES;
				CLANG_WARN_ENUM_CONVERSION = YES;
				CLANG_WARN_INFINITE_RECURSION = YES;
				CLANG_WARN_INT_CONVERSION = YES;
				CLANG_WARN_NON_LITERAL_NULL_CONVERSION = YES;
				CLANG_WARN_OBJC_IMPLICIT_RETAIN_SELF = YES;
				CLANG_WARN_OBJC_LITERAL_CONVERSION = YES;
				CLANG_WARN_OBJC_ROOT_CLASS = YES_ERROR;
				CLANG_WARN_QUOTED_INCLUDE_IN_FRAMEWORK_HEADER = YES;
				CLANG_WARN_RANGE_LOOP_ANALYSIS = YES;
				CLANG_WARN_STRICT_PROTOTYPES = YES;
				CLANG_WARN_SUSPICIOUS_MOVE = YES;
				CLANG_WARN_UNGUARDED_AVAILABILITY = YES_AGGRESSIVE;
				CLANG_WARN_UNREACHABLE_CODE = YES;
				CLANG_WARN__DUPLICATE_METHOD_MATCH = YES;
				COPY_PHASE_STRIP = NO;
				DEBUG_INFORMATION_FORMAT = dwarf;
				ENABLE_STRICT_OBJC_MSGSEND = YES;
				ENABLE_TESTABILITY = YES;
				GCC_C_LANGUAGE_STANDARD = gnu11;
				GCC_DYNAMIC_NO_PIC = NO;
				GCC_NO_COMMON_BLOCKS = YES;
				GCC_OPTIMIZATION_LEVEL = 0;
				GCC_PREPROCESSOR_DEFINITIONS = (
					"DEBUG=1",
					"$(inherited)",
				);
				GCC_WARN_64_TO_32_BIT_CONVERSION = YES;
				GCC_WARN_ABOUT_RETURN_TYPE = YES_ERROR;
				GCC_WARN_UNDECLARED_SELECTOR = YES;
				GCC_WARN_UNINITIALIZED_AUTOS = YES_AGGRESSIVE;
				GCC_WARN_UNUSED_FUNCTION = YES;
				GCC_WARN_UNUSED_VARIABLE = YES;
				IPHONEOS_DEPLOYMENT_TARGET = 15.0;
				MTL_ENABLE_DEBUG_INFO = INCLUDE_SOURCE;
				MTL_FAST_MATH = YES;
				ONLY_ACTIVE_ARCH = YES;
				SDKROOT = iphoneos;
				SWIFT_ACTIVE_COMPILATION_CONDITIONS = DEBUG;
				SWIFT_OPTIMIZATION_LEVEL = "-Onone";
			};
			name = Debug;
		};
		EF5D937D29D09919002D89D6 /* Release */ = {
			isa = XCBuildConfiguration;
			buildSettings = {
				ALWAYS_SEARCH_USER_PATHS = NO;
				CLANG_ANALYZER_NONNULL = YES;
				CLANG_ANALYZER_NUMBER_OBJECT_CONVERSION = YES_AGGRESSIVE;
				CLANG_CXX_LANGUAGE_STANDARD = "gnu++17";
				CLANG_CXX_LIBRARY = "libc++";
				CLANG_ENABLE_MODULES = YES;
				CLANG_ENABLE_OBJC_ARC = YES;
				CLANG_ENABLE_OBJC_WEAK = YES;
				CLANG_WARN_BLOCK_CAPTURE_AUTORELEASING = YES;
				CLANG_WARN_BOOL_CONVERSION = YES;
				CLANG_WARN_COMMA = YES;
				CLANG_WARN_CONSTANT_CONVERSION = YES;
				CLANG_WARN_DEPRECATED_OBJC_IMPLEMENTATIONS = YES;
				CLANG_WARN_DIRECT_OBJC_ISA_USAGE = YES_ERROR;
				CLANG_WARN_DOCUMENTATION_COMMENTS = YES;
				CLANG_WARN_EMPTY_BODY = YES;
				CLANG_WARN_ENUM_CONVERSION = YES;
				CLANG_WARN_INFINITE_RECURSION = YES;
				CLANG_WARN_INT_CONVERSION = YES;
				CLANG_WARN_NON_LITERAL_NULL_CONVERSION = YES;
				CLANG_WARN_OBJC_IMPLICIT_RETAIN_SELF = YES;
				CLANG_WARN_OBJC_LITERAL_CONVERSION = YES;
				CLANG_WARN_OBJC_ROOT_CLASS = YES_ERROR;
				CLANG_WARN_QUOTED_INCLUDE_IN_FRAMEWORK_HEADER = YES;
				CLANG_WARN_RANGE_LOOP_ANALYSIS = YES;
				CLANG_WARN_STRICT_PROTOTYPES = YES;
				CLANG_WARN_SUSPICIOUS_MOVE = YES;
				CLANG_WARN_UNGUARDED_AVAILABILITY = YES_AGGRESSIVE;
				CLANG_WARN_UNREACHABLE_CODE = YES;
				CLANG_WARN__DUPLICATE_METHOD_MATCH = YES;
				COPY_PHASE_STRIP = NO;
				DEBUG_INFORMATION_FORMAT = "dwarf-with-dsym";
				ENABLE_NS_ASSERTIONS = NO;
				ENABLE_STRICT_OBJC_MSGSEND = YES;
				GCC_C_LANGUAGE_STANDARD = gnu11;
				GCC_NO_COMMON_BLOCKS = YES;
				GCC_WARN_64_TO_32_BIT_CONVERSION = YES;
				GCC_WARN_ABOUT_RETURN_TYPE = YES_ERROR;
				GCC_WARN_UNDECLARED_SELECTOR = YES;
				GCC_WARN_UNINITIALIZED_AUTOS = YES_AGGRESSIVE;
				GCC_WARN_UNUSED_FUNCTION = YES;
				GCC_WARN_UNUSED_VARIABLE = YES;
				IPHONEOS_DEPLOYMENT_TARGET = 15.0;
				MTL_ENABLE_DEBUG_INFO = NO;
				MTL_FAST_MATH = YES;
				SDKROOT = iphoneos;
				SWIFT_COMPILATION_MODE = wholemodule;
				SWIFT_OPTIMIZATION_LEVEL = "-O";
				VALIDATE_PRODUCT = YES;
			};
			name = Release;
		};
		EF5D937F29D09919002D89D6 /* Debug */ = {
			isa = XCBuildConfiguration;
			baseConfigurationReference = F6A0B417452C2C42D2BF2D25 /* Pods-LoginViewCode-Curso.debug.xcconfig */;
			buildSettings = {
				ASSETCATALOG_COMPILER_APPICON_NAME = AppIcon;
				ASSETCATALOG_COMPILER_GLOBAL_ACCENT_COLOR_NAME = AccentColor;
				CODE_SIGN_STYLE = Automatic;
				CURRENT_PROJECT_VERSION = 1;
				DEVELOPMENT_TEAM = 4US7JFD5KR;
				GENERATE_INFOPLIST_FILE = YES;
				INFOPLIST_FILE = "LoginViewCode-Curso/Info.plist";
				INFOPLIST_KEY_UIApplicationSupportsIndirectInputEvents = YES;
				INFOPLIST_KEY_UILaunchStoryboardName = LaunchScreen;
				INFOPLIST_KEY_UISupportedInterfaceOrientations_iPad = "UIInterfaceOrientationPortrait UIInterfaceOrientationPortraitUpsideDown UIInterfaceOrientationLandscapeLeft UIInterfaceOrientationLandscapeRight";
				INFOPLIST_KEY_UISupportedInterfaceOrientations_iPhone = "UIInterfaceOrientationPortrait UIInterfaceOrientationLandscapeLeft UIInterfaceOrientationLandscapeRight";
				LD_RUNPATH_SEARCH_PATHS = (
					"$(inherited)",
					"@executable_path/Frameworks",
				);
				MARKETING_VERSION = 1.0;
				PRODUCT_BUNDLE_IDENTIFIER = "com.lucasleonardofr.LoginViewCode-Curso";
				PRODUCT_NAME = "$(TARGET_NAME)";
				SWIFT_EMIT_LOC_STRINGS = YES;
				SWIFT_VERSION = 5.0;
				TARGETED_DEVICE_FAMILY = "1,2";
			};
			name = Debug;
		};
		EF5D938029D09919002D89D6 /* Release */ = {
			isa = XCBuildConfiguration;
			baseConfigurationReference = 188C775C3972C342F97A3611 /* Pods-LoginViewCode-Curso.release.xcconfig */;
			buildSettings = {
				ASSETCATALOG_COMPILER_APPICON_NAME = AppIcon;
				ASSETCATALOG_COMPILER_GLOBAL_ACCENT_COLOR_NAME = AccentColor;
				CODE_SIGN_STYLE = Automatic;
				CURRENT_PROJECT_VERSION = 1;
				DEVELOPMENT_TEAM = 4US7JFD5KR;
				GENERATE_INFOPLIST_FILE = YES;
				INFOPLIST_FILE = "LoginViewCode-Curso/Info.plist";
				INFOPLIST_KEY_UIApplicationSupportsIndirectInputEvents = YES;
				INFOPLIST_KEY_UILaunchStoryboardName = LaunchScreen;
				INFOPLIST_KEY_UISupportedInterfaceOrientations_iPad = "UIInterfaceOrientationPortrait UIInterfaceOrientationPortraitUpsideDown UIInterfaceOrientationLandscapeLeft UIInterfaceOrientationLandscapeRight";
				INFOPLIST_KEY_UISupportedInterfaceOrientations_iPhone = "UIInterfaceOrientationPortrait UIInterfaceOrientationLandscapeLeft UIInterfaceOrientationLandscapeRight";
				LD_RUNPATH_SEARCH_PATHS = (
					"$(inherited)",
					"@executable_path/Frameworks",
				);
				MARKETING_VERSION = 1.0;
				PRODUCT_BUNDLE_IDENTIFIER = "com.lucasleonardofr.LoginViewCode-Curso";
				PRODUCT_NAME = "$(TARGET_NAME)";
				SWIFT_EMIT_LOC_STRINGS = YES;
				SWIFT_VERSION = 5.0;
				TARGETED_DEVICE_FAMILY = "1,2";
			};
			name = Release;
		};
/* End XCBuildConfiguration section */

/* Begin XCConfigurationList section */
		EF5D936529D09918002D89D6 /* Build configuration list for PBXProject "LoginViewCode-Curso" */ = {
			isa = XCConfigurationList;
			buildConfigurations = (
				EF5D937C29D09919002D89D6 /* Debug */,
				EF5D937D29D09919002D89D6 /* Release */,
			);
			defaultConfigurationIsVisible = 0;
			defaultConfigurationName = Release;
		};
		EF5D937E29D09919002D89D6 /* Build configuration list for PBXNativeTarget "LoginViewCode-Curso" */ = {
			isa = XCConfigurationList;
			buildConfigurations = (
				EF5D937F29D09919002D89D6 /* Debug */,
				EF5D938029D09919002D89D6 /* Release */,
			);
			defaultConfigurationIsVisible = 0;
			defaultConfigurationName = Release;
		};
/* End XCConfigurationList section */
	};
	rootObject = EF5D936229D09918002D89D6 /* Project object */;
}
